// !$*UTF8*$!
{
	archiveVersion = 1;
	classes = {
	};
	objectVersion = 77;
	objects = {

/* Begin PBXContainerItemProxy section */
		E2CF42142E8B2ECB0047CBD5 /* PBXContainerItemProxy */ = {
			isa = PBXContainerItemProxy;
			containerPortal = E2CF41FE2E8B2EC90047CBD5 /* Project object */;
			proxyType = 1;
			remoteGlobalIDString = E2CF42052E8B2EC90047CBD5;
			remoteInfo = StateModelExample;
		};
		E2CF421E2E8B2ECB0047CBD5 /* PBXContainerItemProxy */ = {
			isa = PBXContainerItemProxy;
			containerPortal = E2CF41FE2E8B2EC90047CBD5 /* Project object */;
			proxyType = 1;
			remoteGlobalIDString = E2CF42052E8B2EC90047CBD5;
			remoteInfo = StateModelExample;
		};
/* End PBXContainerItemProxy section */

/* Begin PBXFileReference section */
		E2CF42062E8B2EC90047CBD5 /* StateModelExample.app */ = {isa = PBXFileReference; explicitFileType = wrapper.application; includeInIndex = 0; path = StateModelExample.app; sourceTree = BUILT_PRODUCTS_DIR; };
		E2CF42132E8B2ECB0047CBD5 /* StateModelExampleTests.xctest */ = {isa = PBXFileReference; explicitFileType = wrapper.cfbundle; includeInIndex = 0; path = StateModelExampleTests.xctest; sourceTree = BUILT_PRODUCTS_DIR; };
		E2CF421D2E8B2ECB0047CBD5 /* StateModelExampleUITests.xctest */ = {isa = PBXFileReference; explicitFileType = wrapper.cfbundle; includeInIndex = 0; path = StateModelExampleUITests.xctest; sourceTree = BUILT_PRODUCTS_DIR; };
/* End PBXFileReference section */

/* Begin PBXFileSystemSynchronizedRootGroup section */
		E2CF42082E8B2EC90047CBD5 /* StateModelExample */ = {
			isa = PBXFileSystemSynchronizedRootGroup;
			path = StateModelExample;
			sourceTree = "<group>";
		};
		E2CF42162E8B2ECB0047CBD5 /* StateModelExampleTests */ = {
			isa = PBXFileSystemSynchronizedRootGroup;
			path = StateModelExampleTests;
			sourceTree = "<group>";
		};
		E2CF42202E8B2ECB0047CBD5 /* StateModelExampleUITests */ = {
			isa = PBXFileSystemSynchronizedRootGroup;
			path = StateModelExampleUITests;
			sourceTree = "<group>";
		};
/* End PBXFileSystemSynchronizedRootGroup section */

/* Begin PBXFrameworksBuildPhase section */
		E2CF42032E8B2EC90047CBD5 /* Frameworks */ = {
			isa = PBXFrameworksBuildPhase;
			buildActionMask = 2147483647;
			files = (
			);
			runOnlyForDeploymentPostprocessing = 0;
		};
		E2CF42102E8B2ECB0047CBD5 /* Frameworks */ = {
			isa = PBXFrameworksBuildPhase;
			buildActionMask = 2147483647;
			files = (
			);
			runOnlyForDeploymentPostprocessing = 0;
		};
		E2CF421A2E8B2ECB0047CBD5 /* Frameworks */ = {
			isa = PBXFrameworksBuildPhase;
			buildActionMask = 2147483647;
			files = (
			);
			runOnlyForDeploymentPostprocessing = 0;
		};
/* End PBXFrameworksBuildPhase section */

/* Begin PBXGroup section */
		E2CF41FD2E8B2EC90047CBD5 = {
			isa = PBXGroup;
			children = (
				E2CF42082E8B2EC90047CBD5 /* StateModelExample */,
				E2CF42162E8B2ECB0047CBD5 /* StateModelExampleTests */,
				E2CF42202E8B2ECB0047CBD5 /* StateModelExampleUITests */,
				E2CF42072E8B2EC90047CBD5 /* Products */,
			);
			sourceTree = "<group>";
		};
		E2CF42072E8B2EC90047CBD5 /* Products */ = {
			isa = PBXGroup;
			children = (
				E2CF42062E8B2EC90047CBD5 /* StateModelExample.app */,
				E2CF42132E8B2ECB0047CBD5 /* StateModelExampleTests.xctest */,
				E2CF421D2E8B2ECB0047CBD5 /* StateModelExampleUITests.xctest */,
			);
			name = Products;
			sourceTree = "<group>";
		};
/* End PBXGroup section */

/* Begin PBXNativeTarget section */
		E2CF42052E8B2EC90047CBD5 /* StateModelExample */ = {
			isa = PBXNativeTarget;
			buildConfigurationList = E2CF42272E8B2ECB0047CBD5 /* Build configuration list for PBXNativeTarget "StateModelExample" */;
			buildPhases = (
				E2CF42022E8B2EC90047CBD5 /* Sources */,
				E2CF42032E8B2EC90047CBD5 /* Frameworks */,
				E2CF42042E8B2EC90047CBD5 /* Resources */,
			);
			buildRules = (
			);
			dependencies = (
			);
			fileSystemSynchronizedGroups = (
				E2CF42082E8B2EC90047CBD5 /* StateModelExample */,
			);
			name = StateModelExample;
			packageProductDependencies = (
			);
			productName = StateModelExample;
			productReference = E2CF42062E8B2EC90047CBD5 /* StateModelExample.app */;
			productType = "com.apple.product-type.application";
		};
		E2CF42122E8B2ECB0047CBD5 /* StateModelExampleTests */ = {
			isa = PBXNativeTarget;
			buildConfigurationList = E2CF422A2E8B2ECB0047CBD5 /* Build configuration list for PBXNativeTarget "StateModelExampleTests" */;
			buildPhases = (
				E2CF420F2E8B2ECB0047CBD5 /* Sources */,
				E2CF42102E8B2ECB0047CBD5 /* Frameworks */,
				E2CF42112E8B2ECB0047CBD5 /* Resources */,
			);
			buildRules = (
			);
			dependencies = (
				E2CF42152E8B2ECB0047CBD5 /* PBXTargetDependency */,
			);
			fileSystemSynchronizedGroups = (
				E2CF42162E8B2ECB0047CBD5 /* StateModelExampleTests */,
			);
			name = StateModelExampleTests;
			packageProductDependencies = (
			);
			productName = StateModelExampleTests;
			productReference = E2CF42132E8B2ECB0047CBD5 /* StateModelExampleTests.xctest */;
			productType = "com.apple.product-type.bundle.unit-test";
		};
		E2CF421C2E8B2ECB0047CBD5 /* StateModelExampleUITests */ = {
			isa = PBXNativeTarget;
			buildConfigurationList = E2CF422D2E8B2ECB0047CBD5 /* Build configuration list for PBXNativeTarget "StateModelExampleUITests" */;
			buildPhases = (
				E2CF42192E8B2ECB0047CBD5 /* Sources */,
				E2CF421A2E8B2ECB0047CBD5 /* Frameworks */,
				E2CF421B2E8B2ECB0047CBD5 /* Resources */,
			);
			buildRules = (
			);
			dependencies = (
				E2CF421F2E8B2ECB0047CBD5 /* PBXTargetDependency */,
			);
			fileSystemSynchronizedGroups = (
				E2CF42202E8B2ECB0047CBD5 /* StateModelExampleUITests */,
			);
			name = StateModelExampleUITests;
			packageProductDependencies = (
			);
			productName = StateModelExampleUITests;
			productReference = E2CF421D2E8B2ECB0047CBD5 /* StateModelExampleUITests.xctest */;
			productType = "com.apple.product-type.bundle.ui-testing";
		};
/* End PBXNativeTarget section */

/* Begin PBXProject section */
		E2CF41FE2E8B2EC90047CBD5 /* Project object */ = {
			isa = PBXProject;
			attributes = {
				BuildIndependentTargetsInParallel = 1;
				LastSwiftUpdateCheck = 2600;
				LastUpgradeCheck = 2600;
				TargetAttributes = {
					E2CF42052E8B2EC90047CBD5 = {
						CreatedOnToolsVersion = 26.0.1;
					};
					E2CF42122E8B2ECB0047CBD5 = {
						CreatedOnToolsVersion = 26.0.1;
						TestTargetID = E2CF42052E8B2EC90047CBD5;
					};
					E2CF421C2E8B2ECB0047CBD5 = {
						CreatedOnToolsVersion = 26.0.1;
						TestTargetID = E2CF42052E8B2EC90047CBD5;
					};
				};
			};
			buildConfigurationList = E2CF42012E8B2EC90047CBD5 /* Build configuration list for PBXProject "StateModelExample" */;
			developmentRegion = en;
			hasScannedForEncodings = 0;
			knownRegions = (
				en,
				Base,
			);
			mainGroup = E2CF41FD2E8B2EC90047CBD5;
			minimizedProjectReferenceProxies = 1;
			preferredProjectObjectVersion = 77;
			productRefGroup = E2CF42072E8B2EC90047CBD5 /* Products */;
			projectDirPath = "";
			projectRoot = "";
			targets = (
				E2CF42052E8B2EC90047CBD5 /* StateModelExample */,
				E2CF42122E8B2ECB0047CBD5 /* StateModelExampleTests */,
				E2CF421C2E8B2ECB0047CBD5 /* StateModelExampleUITests */,
			);
		};
/* End PBXProject section */

/* Begin PBXResourcesBuildPhase section */
		E2CF42042E8B2EC90047CBD5 /* Resources */ = {
			isa = PBXResourcesBuildPhase;
			buildActionMask = 2147483647;
			files = (
			);
			runOnlyForDeploymentPostprocessing = 0;
		};
		E2CF42112E8B2ECB0047CBD5 /* Resources */ = {
			isa = PBXResourcesBuildPhase;
			buildActionMask = 2147483647;
			files = (
			);
			runOnlyForDeploymentPostprocessing = 0;
		};
		E2CF421B2E8B2ECB0047CBD5 /* Resources */ = {
			isa = PBXResourcesBuildPhase;
			buildActionMask = 2147483647;
			files = (
			);
			runOnlyForDeploymentPostprocessing = 0;
		};
/* End PBXResourcesBuildPhase section */

/* Begin PBXSourcesBuildPhase section */
		E2CF42022E8B2EC90047CBD5 /* Sources */ = {
			isa = PBXSourcesBuildPhase;
			buildActionMask = 2147483647;
			files = (
			);
			runOnlyForDeploymentPostprocessing = 0;
		};
		E2CF420F2E8B2ECB0047CBD5 /* Sources */ = {
			isa = PBXSourcesBuildPhase;
			buildActionMask = 2147483647;
			files = (
			);
			runOnlyForDeploymentPostprocessing = 0;
		};
		E2CF42192E8B2ECB0047CBD5 /* Sources */ = {
			isa = PBXSourcesBuildPhase;
			buildActionMask = 2147483647;
			files = (
			);
			runOnlyForDeploymentPostprocessing = 0;
		};
/* End PBXSourcesBuildPhase section */

/* Begin PBXTargetDependency section */
		E2CF42152E8B2ECB0047CBD5 /* PBXTargetDependency */ = {
			isa = PBXTargetDependency;
			target = E2CF42052E8B2EC90047CBD5 /* StateModelExample */;
			targetProxy = E2CF42142E8B2ECB0047CBD5 /* PBXContainerItemProxy */;
		};
		E2CF421F2E8B2ECB0047CBD5 /* PBXTargetDependency */ = {
			isa = PBXTargetDependency;
			target = E2CF42052E8B2EC90047CBD5 /* StateModelExample */;
			targetProxy = E2CF421E2E8B2ECB0047CBD5 /* PBXContainerItemProxy */;
		};
/* End PBXTargetDependency section */

/* Begin XCBuildConfiguration section */
		E2CF42252E8B2ECB0047CBD5 /* Debug */ = {
			isa = XCBuildConfiguration;
			buildSettings = {
				ALWAYS_SEARCH_USER_PATHS = NO;
				ASSETCATALOG_COMPILER_GENERATE_SWIFT_ASSET_SYMBOL_EXTENSIONS = YES;
				CLANG_ANALYZER_NONNULL = YES;
				CLANG_ANALYZER_NUMBER_OBJECT_CONVERSION = YES_AGGRESSIVE;
				CLANG_CXX_LANGUAGE_STANDARD = "gnu++20";
				CLANG_ENABLE_MODULES = YES;
				CLANG_ENABLE_OBJC_ARC = YES;
				CLANG_ENABLE_OBJC_WEAK = YES;
				CLANG_WARN_BLOCK_CAPTURE_AUTORELEASING = YES;
				CLANG_WARN_BOOL_CONVERSION = YES;
				CLANG_WARN_COMMA = YES;
				CLANG_WARN_CONSTANT_CONVERSION = YES;
				CLANG_WARN_DEPRECATED_OBJC_IMPLEMENTATIONS = YES;
				CLANG_WARN_DIRECT_OBJC_ISA_USAGE = YES_ERROR;
				CLANG_WARN_DOCUMENTATION_COMMENTS = YES;
				CLANG_WARN_EMPTY_BODY = YES;
				CLANG_WARN_ENUM_CONVERSION = YES;
				CLANG_WARN_INFINITE_RECURSION = YES;
				CLANG_WARN_INT_CONVERSION = YES;
				CLANG_WARN_NON_LITERAL_NULL_CONVERSION = YES;
				CLANG_WARN_OBJC_IMPLICIT_RETAIN_SELF = YES;
				CLANG_WARN_OBJC_LITERAL_CONVERSION = YES;
				CLANG_WARN_OBJC_ROOT_CLASS = YES_ERROR;
				CLANG_WARN_QUOTED_INCLUDE_IN_FRAMEWORK_HEADER = YES;
				CLANG_WARN_RANGE_LOOP_ANALYSIS = YES;
				CLANG_WARN_STRICT_PROTOTYPES = YES;
				CLANG_WARN_SUSPICIOUS_MOVE = YES;
				CLANG_WARN_UNGUARDED_AVAILABILITY = YES_AGGRESSIVE;
				CLANG_WARN_UNREACHABLE_CODE = YES;
				CLANG_WARN__DUPLICATE_METHOD_MATCH = YES;
				COPY_PHASE_STRIP = NO;
				DEBUG_INFORMATION_FORMAT = dwarf;
				DEVELOPMENT_TEAM = H8WR4M6QQ4;
				ENABLE_STRICT_OBJC_MSGSEND = YES;
				ENABLE_TESTABILITY = YES;
				ENABLE_USER_SCRIPT_SANDBOXING = YES;
				GCC_C_LANGUAGE_STANDARD = gnu17;
				GCC_DYNAMIC_NO_PIC = NO;
				GCC_NO_COMMON_BLOCKS = YES;
				GCC_OPTIMIZATION_LEVEL = 0;
				GCC_PREPROCESSOR_DEFINITIONS = (
					"DEBUG=1",
					"$(inherited)",
				);
				GCC_WARN_64_TO_32_BIT_CONVERSION = YES;
				GCC_WARN_ABOUT_RETURN_TYPE = YES_ERROR;
				GCC_WARN_UNDECLARED_SELECTOR = YES;
				GCC_WARN_UNINITIALIZED_AUTOS = YES_AGGRESSIVE;
				GCC_WARN_UNUSED_FUNCTION = YES;
				GCC_WARN_UNUSED_VARIABLE = YES;
				LOCALIZATION_PREFERS_STRING_CATALOGS = YES;
				MACOSX_DEPLOYMENT_TARGET = 26.0;
				MTL_ENABLE_DEBUG_INFO = INCLUDE_SOURCE;
				MTL_FAST_MATH = YES;
				ONLY_ACTIVE_ARCH = YES;
				SDKROOT = macosx;
				SWIFT_ACTIVE_COMPILATION_CONDITIONS = "DEBUG $(inherited)";
				SWIFT_OPTIMIZATION_LEVEL = "-Onone";
			};
			name = Debug;
		};
		E2CF42262E8B2ECB0047CBD5 /* Release */ = {
			isa = XCBuildConfiguration;
			buildSettings = {
				ALWAYS_SEARCH_USER_PATHS = NO;
				ASSETCATALOG_COMPILER_GENERATE_SWIFT_ASSET_SYMBOL_EXTENSIONS = YES;
				CLANG_ANALYZER_NONNULL = YES;
				CLANG_ANALYZER_NUMBER_OBJECT_CONVERSION = YES_AGGRESSIVE;
				CLANG_CXX_LANGUAGE_STANDARD = "gnu++20";
				CLANG_ENABLE_MODULES = YES;
				CLANG_ENABLE_OBJC_ARC = YES;
				CLANG_ENABLE_OBJC_WEAK = YES;
				CLANG_WARN_BLOCK_CAPTURE_AUTORELEASING = YES;
				CLANG_WARN_BOOL_CONVERSION = YES;
				CLANG_WARN_COMMA = YES;
				CLANG_WARN_CONSTANT_CONVERSION = YES;
				CLANG_WARN_DEPRECATED_OBJC_IMPLEMENTATIONS = YES;
				CLANG_WARN_DIRECT_OBJC_ISA_USAGE = YES_ERROR;
				CLANG_WARN_DOCUMENTATION_COMMENTS = YES;
				CLANG_WARN_EMPTY_BODY = YES;
				CLANG_WARN_ENUM_CONVERSION = YES;
				CLANG_WARN_INFINITE_RECURSION = YES;
				CLANG_WARN_INT_CONVERSION = YES;
				CLANG_WARN_NON_LITERAL_NULL_CONVERSION = YES;
				CLANG_WARN_OBJC_IMPLICIT_RETAIN_SELF = YES;
				CLANG_WARN_OBJC_LITERAL_CONVERSION = YES;
				CLANG_WARN_OBJC_ROOT_CLASS = YES_ERROR;
				CLANG_WARN_QUOTED_INCLUDE_IN_FRAMEWORK_HEADER = YES;
				CLANG_WARN_RANGE_LOOP_ANALYSIS = YES;
				CLANG_WARN_STRICT_PROTOTYPES = YES;
				CLANG_WARN_SUSPICIOUS_MOVE = YES;
				CLANG_WARN_UNGUARDED_AVAILABILITY = YES_AGGRESSIVE;
				CLANG_WARN_UNREACHABLE_CODE = YES;
				CLANG_WARN__DUPLICATE_METHOD_MATCH = YES;
				COPY_PHASE_STRIP = NO;
				DEBUG_INFORMATION_FORMAT = "dwarf-with-dsym";
				DEVELOPMENT_TEAM = H8WR4M6QQ4;
				ENABLE_NS_ASSERTIONS = NO;
				ENABLE_STRICT_OBJC_MSGSEND = YES;
				ENABLE_USER_SCRIPT_SANDBOXING = YES;
				GCC_C_LANGUAGE_STANDARD = gnu17;
				GCC_NO_COMMON_BLOCKS = YES;
				GCC_WARN_64_TO_32_BIT_CONVERSION = YES;
				GCC_WARN_ABOUT_RETURN_TYPE = YES_ERROR;
				GCC_WARN_UNDECLARED_SELECTOR = YES;
				GCC_WARN_UNINITIALIZED_AUTOS = YES_AGGRESSIVE;
				GCC_WARN_UNUSED_FUNCTION = YES;
				GCC_WARN_UNUSED_VARIABLE = YES;
				LOCALIZATION_PREFERS_STRING_CATALOGS = YES;
				MACOSX_DEPLOYMENT_TARGET = 26.0;
				MTL_ENABLE_DEBUG_INFO = NO;
				MTL_FAST_MATH = YES;
				SDKROOT = macosx;
				SWIFT_COMPILATION_MODE = wholemodule;
			};
			name = Release;
		};
		E2CF42282E8B2ECB0047CBD5 /* Debug */ = {
			isa = XCBuildConfiguration;
			buildSettings = {
				ASSETCATALOG_COMPILER_APPICON_NAME = AppIcon;
				ASSETCATALOG_COMPILER_GLOBAL_ACCENT_COLOR_NAME = AccentColor;
				CODE_SIGN_STYLE = Automatic;
				COMBINE_HIDPI_IMAGES = YES;
				CURRENT_PROJECT_VERSION = 1;
				DEVELOPMENT_TEAM = H8WR4M6QQ4;
				ENABLE_APP_SANDBOX = YES;
				ENABLE_HARDENED_RUNTIME = YES;
				ENABLE_PREVIEWS = YES;
				ENABLE_USER_SELECTED_FILES = readonly;
				GENERATE_INFOPLIST_FILE = YES;
				INFOPLIST_KEY_NSHumanReadableCopyright = "";
				LD_RUNPATH_SEARCH_PATHS = (
					"$(inherited)",
					"@executable_path/../Frameworks",
				);
				MARKETING_VERSION = 1.0;
				PRODUCT_BUNDLE_IDENTIFIER = de.christophhagen.StateModelExample;
				PRODUCT_NAME = "$(TARGET_NAME)";
				REGISTER_APP_GROUPS = YES;
				STRING_CATALOG_GENERATE_SYMBOLS = YES;
				SWIFT_APPROACHABLE_CONCURRENCY = YES;
				SWIFT_DEFAULT_ACTOR_ISOLATION = MainActor;
				SWIFT_EMIT_LOC_STRINGS = YES;
				SWIFT_UPCOMING_FEATURE_MEMBER_IMPORT_VISIBILITY = YES;
				SWIFT_VERSION = 5.0;
			};
			name = Debug;
		};
		E2CF42292E8B2ECB0047CBD5 /* Release */ = {
			isa = XCBuildConfiguration;
			buildSettings = {
				ASSETCATALOG_COMPILER_APPICON_NAME = AppIcon;
				ASSETCATALOG_COMPILER_GLOBAL_ACCENT_COLOR_NAME = AccentColor;
				CODE_SIGN_STYLE = Automatic;
				COMBINE_HIDPI_IMAGES = YES;
				CURRENT_PROJECT_VERSION = 1;
				DEVELOPMENT_TEAM = H8WR4M6QQ4;
				ENABLE_APP_SANDBOX = YES;
				ENABLE_HARDENED_RUNTIME = YES;
				ENABLE_PREVIEWS = YES;
				ENABLE_USER_SELECTED_FILES = readonly;
				GENERATE_INFOPLIST_FILE = YES;
				INFOPLIST_KEY_NSHumanReadableCopyright = "";
				LD_RUNPATH_SEARCH_PATHS = (
					"$(inherited)",
					"@executable_path/../Frameworks",
				);
				MARKETING_VERSION = 1.0;
				PRODUCT_BUNDLE_IDENTIFIER = de.christophhagen.StateModelExample;
				PRODUCT_NAME = "$(TARGET_NAME)";
				REGISTER_APP_GROUPS = YES;
				STRING_CATALOG_GENERATE_SYMBOLS = YES;
				SWIFT_APPROACHABLE_CONCURRENCY = YES;
				SWIFT_DEFAULT_ACTOR_ISOLATION = MainActor;
				SWIFT_EMIT_LOC_STRINGS = YES;
				SWIFT_UPCOMING_FEATURE_MEMBER_IMPORT_VISIBILITY = YES;
				SWIFT_VERSION = 5.0;
			};
			name = Release;
		};
		E2CF422B2E8B2ECB0047CBD5 /* Debug */ = {
			isa = XCBuildConfiguration;
			buildSettings = {
				BUNDLE_LOADER = "$(TEST_HOST)";
				CODE_SIGN_STYLE = Automatic;
				CURRENT_PROJECT_VERSION = 1;
				DEVELOPMENT_TEAM = H8WR4M6QQ4;
				GENERATE_INFOPLIST_FILE = YES;
				MACOSX_DEPLOYMENT_TARGET = 26.0;
				MARKETING_VERSION = 1.0;
				PRODUCT_BUNDLE_IDENTIFIER = de.christophhagen.StateModelExampleTests;
				PRODUCT_NAME = "$(TARGET_NAME)";
				STRING_CATALOG_GENERATE_SYMBOLS = NO;
				SWIFT_APPROACHABLE_CONCURRENCY = YES;
				SWIFT_EMIT_LOC_STRINGS = NO;
				SWIFT_UPCOMING_FEATURE_MEMBER_IMPORT_VISIBILITY = YES;
				SWIFT_VERSION = 5.0;
				TEST_HOST = "$(BUILT_PRODUCTS_DIR)/StateModelExample.app/$(BUNDLE_EXECUTABLE_FOLDER_PATH)/StateModelExample";
			};
			name = Debug;
		};
		E2CF422C2E8B2ECB0047CBD5 /* Release */ = {
			isa = XCBuildConfiguration;
			buildSettings = {
				BUNDLE_LOADER = "$(TEST_HOST)";
				CODE_SIGN_STYLE = Automatic;
				CURRENT_PROJECT_VERSION = 1;
				DEVELOPMENT_TEAM = H8WR4M6QQ4;
				GENERATE_INFOPLIST_FILE = YES;
				MACOSX_DEPLOYMENT_TARGET = 26.0;
				MARKETING_VERSION = 1.0;
				PRODUCT_BUNDLE_IDENTIFIER = de.christophhagen.StateModelExampleTests;
				PRODUCT_NAME = "$(TARGET_NAME)";
				STRING_CATALOG_GENERATE_SYMBOLS = NO;
				SWIFT_APPROACHABLE_CONCURRENCY = YES;
				SWIFT_EMIT_LOC_STRINGS = NO;
				SWIFT_UPCOMING_FEATURE_MEMBER_IMPORT_VISIBILITY = YES;
				SWIFT_VERSION = 5.0;
				TEST_HOST = "$(BUILT_PRODUCTS_DIR)/StateModelExample.app/$(BUNDLE_EXECUTABLE_FOLDER_PATH)/StateModelExample";
			};
			name = Release;
		};
		E2CF422E2E8B2ECB0047CBD5 /* Debug */ = {
			isa = XCBuildConfiguration;
			buildSettings = {
				CODE_SIGN_STYLE = Automatic;
				CURRENT_PROJECT_VERSION = 1;
				DEVELOPMENT_TEAM = H8WR4M6QQ4;
				GENERATE_INFOPLIST_FILE = YES;
				MARKETING_VERSION = 1.0;
				PRODUCT_BUNDLE_IDENTIFIER = de.christophhagen.StateModelExampleUITests;
				PRODUCT_NAME = "$(TARGET_NAME)";
				STRING_CATALOG_GENERATE_SYMBOLS = NO;
				SWIFT_APPROACHABLE_CONCURRENCY = YES;
				SWIFT_EMIT_LOC_STRINGS = NO;
				SWIFT_UPCOMING_FEATURE_MEMBER_IMPORT_VISIBILITY = YES;
				SWIFT_VERSION = 5.0;
				TEST_TARGET_NAME = StateModelExample;
			};
			name = Debug;
		};
		E2CF422F2E8B2ECB0047CBD5 /* Release */ = {
			isa = XCBuildConfiguration;
			buildSettings = {
				CODE_SIGN_STYLE = Automatic;
				CURRENT_PROJECT_VERSION = 1;
				DEVELOPMENT_TEAM = H8WR4M6QQ4;
				GENERATE_INFOPLIST_FILE = YES;
				MARKETING_VERSION = 1.0;
				PRODUCT_BUNDLE_IDENTIFIER = de.christophhagen.StateModelExampleUITests;
				PRODUCT_NAME = "$(TARGET_NAME)";
				STRING_CATALOG_GENERATE_SYMBOLS = NO;
				SWIFT_APPROACHABLE_CONCURRENCY = YES;
				SWIFT_EMIT_LOC_STRINGS = NO;
				SWIFT_UPCOMING_FEATURE_MEMBER_IMPORT_VISIBILITY = YES;
				SWIFT_VERSION = 5.0;
				TEST_TARGET_NAME = StateModelExample;
			};
			name = Release;
		};
/* End XCBuildConfiguration section */

/* Begin XCConfigurationList section */
		E2CF42012E8B2EC90047CBD5 /* Build configuration list for PBXProject "StateModelExample" */ = {
			isa = XCConfigurationList;
			buildConfigurations = (
				E2CF42252E8B2ECB0047CBD5 /* Debug */,
				E2CF42262E8B2ECB0047CBD5 /* Release */,
			);
			defaultConfigurationIsVisible = 0;
			defaultConfigurationName = Release;
		};
		E2CF42272E8B2ECB0047CBD5 /* Build configuration list for PBXNativeTarget "StateModelExample" */ = {
			isa = XCConfigurationList;
			buildConfigurations = (
				E2CF42282E8B2ECB0047CBD5 /* Debug */,
				E2CF42292E8B2ECB0047CBD5 /* Release */,
			);
			defaultConfigurationIsVisible = 0;
			defaultConfigurationName = Release;
		};
		E2CF422A2E8B2ECB0047CBD5 /* Build configuration list for PBXNativeTarget "StateModelExampleTests" */ = {
			isa = XCConfigurationList;
			buildConfigurations = (
				E2CF422B2E8B2ECB0047CBD5 /* Debug */,
				E2CF422C2E8B2ECB0047CBD5 /* Release */,
			);
			defaultConfigurationIsVisible = 0;
			defaultConfigurationName = Release;
		};
		E2CF422D2E8B2ECB0047CBD5 /* Build configuration list for PBXNativeTarget "StateModelExampleUITests" */ = {
			isa = XCConfigurationList;
			buildConfigurations = (
				E2CF422E2E8B2ECB0047CBD5 /* Debug */,
				E2CF422F2E8B2ECB0047CBD5 /* Release */,
			);
			defaultConfigurationIsVisible = 0;
			defaultConfigurationName = Release;
		};
/* End XCConfigurationList section */
	};
	rootObject = E2CF41FE2E8B2EC90047CBD5 /* Project object */;
}
