{
  "originHash" : "bdda805a74417b384cc1db8eae964a4a6d0e5a316b2fccfc35baad604d9338f2",
  "pins" : [
    {
      "identity" : "sfsafesymbols",
      "kind" : "remoteSourceControl",
      "location" : "https://github.com/SFSafeSymbols/SFSafeSymbols",
      "state" : {
        "revision" : "3dd282d3269b061853a3b3bcd23a509d2aa166ce",
        "version" : "6.2.0"
      }
    },
    {
      "identity" : "statemodel",
      "kind" : "remoteSourceControl",
      "location" : "https://github.com/christophhagen/StateModel",
      "state" : {
        "revision" : "2c595f5da703a3e3696f0192b5fb10fb1ecdd291",
        "version" : "6.0.0"
      }
    },
    {
      "identity" : "swift-syntax",
      "kind" : "remoteSourceControl",
      "location" : "https://github.com/apple/swift-syntax.git",
      "state" : {
        "revision" : "f99ae8aa18f0cf0d53481901f88a0991dc3bd4a2",
        "version" : "601.0.1"
      }
    }
  ],
  "version" : 3
}
